
Microsoft Visual Studio Solution File, Format Version 12.00
# Visual Studio Version 17
VisualStudioVersion = 17.5.002.0
MinimumVisualStudioVersion = 10.0.40219.1
Project("{9A19103F-16F7-4668-BE54-9A1E7A4F7556}") = "Reporto", "Reporto.csproj", "{7FA783CB-E260-476B-8362-A124C70037EA}"
EndProject
Global
	GlobalSection(SolutionConfigurationPlatforms) = preSolution
		Debug|Any CPU = Debug|Any CPU
		Release|Any CPU = Release|Any CPU
	EndGlobalSection
	GlobalSection(ProjectConfigurationPlatforms) = postSolution
		{7FA783CB-E260-476B-8362-A124C70037EA}.Debug|Any CPU.ActiveCfg = Debug|Any CPU
		{7FA783CB-E260-476B-8362-A124C70037EA}.Debug|Any CPU.Build.0 = Debug|Any CPU
		{7FA783CB-E260-476B-8362-A124C70037EA}.Release|Any CPU.ActiveCfg = Release|Any CPU
		{7FA783CB-E260-476B-8362-A124C70037EA}.Release|Any CPU.Build.0 = Release|Any CPU
	EndGlobalSection
	GlobalSection(SolutionProperties) = preSolution
		HideSolutionNode = FALSE
	EndGlobalSection
	GlobalSection(ExtensibilityGlobals) = postSolution
		SolutionGuid = {27823EB5-2427-4389-8841-727F49D579C6}
	EndGlobalSection
EndGlobal
